
Microsoft Visual Studio Solution File, Format Version 12.00
# Visual Studio Version 17
VisualStudioVersion = 17.5.33424.131
MinimumVisualStudioVersion = 10.0.40219.1
Project("{FAE04EC0-301F-11D3-BF4B-00C04F79EFBC}") = "AkbilYntmVeriKatmani", "AkbilYntmVeriKatmani\AkbilYntmVeriKatmani.csproj", "{16979079-FD86-454F-8B66-589DE6EBECF8}"
EndProject
Project("{FAE04EC0-301F-11D3-BF4B-00C04F79EFBC}") = "AkbilYntmIsKatmani", "AkbilYntmIsKatmani\AkbilYntmIsKatmani.csproj", "{B56573D2-7E1F-43BC-BACA-D8647532472F}"
EndProject
Project("{9A19103F-16F7-4668-BE54-9A1E7A4F7556}") = "AkbilYonetimiUI", "AkbilYonetimiUI\AkbilYonetimiUI.csproj", "{6D946851-5954-4022-92CC-D29C08623B17}"
EndProject
Global
	GlobalSection(SolutionConfigurationPlatforms) = preSolution
		Debug|Any CPU = Debug|Any CPU
		Release|Any CPU = Release|Any CPU
	EndGlobalSection
	GlobalSection(ProjectConfigurationPlatforms) = postSolution
		{16979079-FD86-454F-8B66-589DE6EBECF8}.Debug|Any CPU.ActiveCfg = Debug|Any CPU
		{16979079-FD86-454F-8B66-589DE6EBECF8}.Debug|Any CPU.Build.0 = Debug|Any CPU
		{16979079-FD86-454F-8B66-589DE6EBECF8}.Release|Any CPU.ActiveCfg = Release|Any CPU
		{16979079-FD86-454F-8B66-589DE6EBECF8}.Release|Any CPU.Build.0 = Release|Any CPU
		{B56573D2-7E1F-43BC-BACA-D8647532472F}.Debug|Any CPU.ActiveCfg = Debug|Any CPU
		{B56573D2-7E1F-43BC-BACA-D8647532472F}.Debug|Any CPU.Build.0 = Debug|Any CPU
		{B56573D2-7E1F-43BC-BACA-D8647532472F}.Release|Any CPU.ActiveCfg = Release|Any CPU
		{B56573D2-7E1F-43BC-BACA-D8647532472F}.Release|Any CPU.Build.0 = Release|Any CPU
		{6D946851-5954-4022-92CC-D29C08623B17}.Debug|Any CPU.ActiveCfg = Debug|Any CPU
		{6D946851-5954-4022-92CC-D29C08623B17}.Debug|Any CPU.Build.0 = Debug|Any CPU
		{6D946851-5954-4022-92CC-D29C08623B17}.Release|Any CPU.ActiveCfg = Release|Any CPU
		{6D946851-5954-4022-92CC-D29C08623B17}.Release|Any CPU.Build.0 = Release|Any CPU
	EndGlobalSection
	GlobalSection(SolutionProperties) = preSolution
		HideSolutionNode = FALSE
	EndGlobalSection
	GlobalSection(ExtensibilityGlobals) = postSolution
		SolutionGuid = {B879A21D-C459-4311-8722-69C66F92BACC}
	EndGlobalSection
EndGlobal
