
Microsoft Visual Studio Solution File, Format Version 12.00
# Visual Studio Version 17
VisualStudioVersion = 17.4.33403.182
MinimumVisualStudioVersion = 10.0.40219.1
Project("{FAE04EC0-301F-11D3-BF4B-00C04F79EFBC}") = "CinAli", "CinAli\CinAli.csproj", "{0C415842-64F1-48F4-857E-9C35B30871F2}"
EndProject
Global
	GlobalSection(SolutionConfigurationPlatforms) = preSolution
		Debug|Any CPU = Debug|Any CPU
		Release|Any CPU = Release|Any CPU
	EndGlobalSection
	GlobalSection(ProjectConfigurationPlatforms) = postSolution
		{0C415842-64F1-48F4-857E-9C35B30871F2}.Debug|Any CPU.ActiveCfg = Debug|Any CPU
		{0C415842-64F1-48F4-857E-9C35B30871F2}.Debug|Any CPU.Build.0 = Debug|Any CPU
		{0C415842-64F1-48F4-857E-9C35B30871F2}.Release|Any CPU.ActiveCfg = Release|Any CPU
		{0C415842-64F1-48F4-857E-9C35B30871F2}.Release|Any CPU.Build.0 = Release|Any CPU
	EndGlobalSection
	GlobalSection(SolutionProperties) = preSolution
		HideSolutionNode = FALSE
	EndGlobalSection
	GlobalSection(ExtensibilityGlobals) = postSolution
		SolutionGuid = {66A3EA22-5801-4186-9FE8-5A957A1356FB}
	EndGlobalSection
EndGlobal
