
Microsoft Visual Studio Solution File, Format Version 12.00
# Visual Studio Version 17
VisualStudioVersion = 17.5.33414.496
MinimumVisualStudioVersion = 10.0.40219.1
Project("{FAE04EC0-301F-11D3-BF4B-00C04F79EFBC}") = "ZarTahminWinForm", "ZarTahminWinForm\ZarTahminWinForm.csproj", "{C389D800-C042-4D69-B062-F7F7B1334719}"
EndProject
Global
	GlobalSection(SolutionConfigurationPlatforms) = preSolution
		Debug|Any CPU = Debug|Any CPU
		Release|Any CPU = Release|Any CPU
	EndGlobalSection
	GlobalSection(ProjectConfigurationPlatforms) = postSolution
		{C389D800-C042-4D69-B062-F7F7B1334719}.Debug|Any CPU.ActiveCfg = Debug|Any CPU
		{C389D800-C042-4D69-B062-F7F7B1334719}.Debug|Any CPU.Build.0 = Debug|Any CPU
		{C389D800-C042-4D69-B062-F7F7B1334719}.Release|Any CPU.ActiveCfg = Release|Any CPU
		{C389D800-C042-4D69-B062-F7F7B1334719}.Release|Any CPU.Build.0 = Release|Any CPU
	EndGlobalSection
	GlobalSection(SolutionProperties) = preSolution
		HideSolutionNode = FALSE
	EndGlobalSection
	GlobalSection(ExtensibilityGlobals) = postSolution
		SolutionGuid = {C416B39F-1E42-4E6A-9BA8-39597B1FBC88}
	EndGlobalSection
EndGlobal
