
Microsoft Visual Studio Solution File, Format Version 12.00
# Visual Studio Version 17
VisualStudioVersion = 17.5.33414.496
MinimumVisualStudioVersion = 10.0.40219.1
Project("{FAE04EC0-301F-11D3-BF4B-00C04F79EFBC}") = "ZarTahmin", "ZarTahmin\ZarTahmin.csproj", "{4D1C066F-64A4-499F-A1FB-0913F4D8FE6B}"
EndProject
Global
	GlobalSection(SolutionConfigurationPlatforms) = preSolution
		Debug|Any CPU = Debug|Any CPU
		Release|Any CPU = Release|Any CPU
	EndGlobalSection
	GlobalSection(ProjectConfigurationPlatforms) = postSolution
		{4D1C066F-64A4-499F-A1FB-0913F4D8FE6B}.Debug|Any CPU.ActiveCfg = Debug|Any CPU
		{4D1C066F-64A4-499F-A1FB-0913F4D8FE6B}.Debug|Any CPU.Build.0 = Debug|Any CPU
		{4D1C066F-64A4-499F-A1FB-0913F4D8FE6B}.Release|Any CPU.ActiveCfg = Release|Any CPU
		{4D1C066F-64A4-499F-A1FB-0913F4D8FE6B}.Release|Any CPU.Build.0 = Release|Any CPU
	EndGlobalSection
	GlobalSection(SolutionProperties) = preSolution
		HideSolutionNode = FALSE
	EndGlobalSection
	GlobalSection(ExtensibilityGlobals) = postSolution
		SolutionGuid = {E513DA21-26C6-4A27-A4AA-AB9289B6F0C5}
	EndGlobalSection
EndGlobal
