
Microsoft Visual Studio Solution File, Format Version 12.00
# Visual Studio Version 17
VisualStudioVersion = 17.5.33424.131
MinimumVisualStudioVersion = 10.0.40219.1
Project("{FAE04EC0-301F-11D3-BF4B-00C04F79EFBC}") = "InterfaceOrnek1", "InterfaceOrnek1\InterfaceOrnek1.csproj", "{840E7247-8AB3-4160-946C-53F3573A56CB}"
EndProject
Global
	GlobalSection(SolutionConfigurationPlatforms) = preSolution
		Debug|Any CPU = Debug|Any CPU
		Release|Any CPU = Release|Any CPU
	EndGlobalSection
	GlobalSection(ProjectConfigurationPlatforms) = postSolution
		{840E7247-8AB3-4160-946C-53F3573A56CB}.Debug|Any CPU.ActiveCfg = Debug|Any CPU
		{840E7247-8AB3-4160-946C-53F3573A56CB}.Debug|Any CPU.Build.0 = Debug|Any CPU
		{840E7247-8AB3-4160-946C-53F3573A56CB}.Release|Any CPU.ActiveCfg = Release|Any CPU
		{840E7247-8AB3-4160-946C-53F3573A56CB}.Release|Any CPU.Build.0 = Release|Any CPU
	EndGlobalSection
	GlobalSection(SolutionProperties) = preSolution
		HideSolutionNode = FALSE
	EndGlobalSection
	GlobalSection(ExtensibilityGlobals) = postSolution
		SolutionGuid = {67345D55-E130-444F-80E5-CE43B0ACE764}
	EndGlobalSection
EndGlobal
