
Microsoft Visual Studio Solution File, Format Version 12.00
# Visual Studio Version 17
VisualStudioVersion = 17.5.33516.290
MinimumVisualStudioVersion = 10.0.40219.1
Project("{FAE04EC0-301F-11D3-BF4B-00C04F79EFBC}") = "PhoneBookEntityLayer", "PhoneBookEntityLayer\PhoneBookEntityLayer.csproj", "{C4593D8F-C1E8-4ED1-8BA5-C880F53C66C4}"
EndProject
Project("{FAE04EC0-301F-11D3-BF4B-00C04F79EFBC}") = "PhoneBookDataLayer", "PhoneBookDataLayer\PhoneBookDataLayer.csproj", "{5FAC2E5B-32D7-4859-BE39-C4C96737CB82}"
EndProject
Project("{FAE04EC0-301F-11D3-BF4B-00C04F79EFBC}") = "PhoneBookBusinessLayer", "PhoneBookBusinessLayer\PhoneBookBusinessLayer.csproj", "{680AD457-E322-4D5F-B1FB-49BC494F583D}"
EndProject
Project("{FAE04EC0-301F-11D3-BF4B-00C04F79EFBC}") = "PhoneBookUI", "PhoneBookUI\PhoneBookUI.csproj", "{2F33535C-5633-4745-9D9D-AF8DB5B91DF7}"
EndProject
Global
	GlobalSection(SolutionConfigurationPlatforms) = preSolution
		Debug|Any CPU = Debug|Any CPU
		Release|Any CPU = Release|Any CPU
	EndGlobalSection
	GlobalSection(ProjectConfigurationPlatforms) = postSolution
		{C4593D8F-C1E8-4ED1-8BA5-C880F53C66C4}.Debug|Any CPU.ActiveCfg = Debug|Any CPU
		{C4593D8F-C1E8-4ED1-8BA5-C880F53C66C4}.Debug|Any CPU.Build.0 = Debug|Any CPU
		{C4593D8F-C1E8-4ED1-8BA5-C880F53C66C4}.Release|Any CPU.ActiveCfg = Release|Any CPU
		{C4593D8F-C1E8-4ED1-8BA5-C880F53C66C4}.Release|Any CPU.Build.0 = Release|Any CPU
		{5FAC2E5B-32D7-4859-BE39-C4C96737CB82}.Debug|Any CPU.ActiveCfg = Debug|Any CPU
		{5FAC2E5B-32D7-4859-BE39-C4C96737CB82}.Debug|Any CPU.Build.0 = Debug|Any CPU
		{5FAC2E5B-32D7-4859-BE39-C4C96737CB82}.Release|Any CPU.ActiveCfg = Release|Any CPU
		{5FAC2E5B-32D7-4859-BE39-C4C96737CB82}.Release|Any CPU.Build.0 = Release|Any CPU
		{680AD457-E322-4D5F-B1FB-49BC494F583D}.Debug|Any CPU.ActiveCfg = Debug|Any CPU
		{680AD457-E322-4D5F-B1FB-49BC494F583D}.Debug|Any CPU.Build.0 = Debug|Any CPU
		{680AD457-E322-4D5F-B1FB-49BC494F583D}.Release|Any CPU.ActiveCfg = Release|Any CPU
		{680AD457-E322-4D5F-B1FB-49BC494F583D}.Release|Any CPU.Build.0 = Release|Any CPU
		{2F33535C-5633-4745-9D9D-AF8DB5B91DF7}.Debug|Any CPU.ActiveCfg = Debug|Any CPU
		{2F33535C-5633-4745-9D9D-AF8DB5B91DF7}.Debug|Any CPU.Build.0 = Debug|Any CPU
		{2F33535C-5633-4745-9D9D-AF8DB5B91DF7}.Release|Any CPU.ActiveCfg = Release|Any CPU
		{2F33535C-5633-4745-9D9D-AF8DB5B91DF7}.Release|Any CPU.Build.0 = Release|Any CPU
	EndGlobalSection
	GlobalSection(SolutionProperties) = preSolution
		HideSolutionNode = FALSE
	EndGlobalSection
	GlobalSection(ExtensibilityGlobals) = postSolution
		SolutionGuid = {6173F7A7-EB3E-4806-ACCE-0CB68CFC9840}
	EndGlobalSection
EndGlobal
